// !$*UTF8*$!
{
	archiveVersion = 1;
	classes = {
	};
	objectVersion = 56;
	objects = {

/* Begin PBXBuildFile section */
		434265DB2C1E98A80036A9E9 /* HomeView.swift in Sources */ = {isa = PBXBuildFile; fileRef = 434265DA2C1E98A80036A9E9 /* HomeView.swift */; };
		437E29E12C26A6C700C14D6A /* SleepAlarmView.swift in Sources */ = {isa = PBXBuildFile; fileRef = 437E29E02C26A6C700C14D6A /* SleepAlarmView.swift */; };
		437E29E32C26A73A00C14D6A /* StudyAlarmView.swift in Sources */ = {isa = PBXBuildFile; fileRef = 437E29E22C26A73A00C14D6A /* StudyAlarmView.swift */; };
		437E29E52C26A76F00C14D6A /* LectureAlarmView.swift in Sources */ = {isa = PBXBuildFile; fileRef = 437E29E42C26A76F00C14D6A /* LectureAlarmView.swift */; };
		437E29E72C26A78B00C14D6A /* DrivingAlarmView.swift in Sources */ = {isa = PBXBuildFile; fileRef = 437E29E62C26A78B00C14D6A /* DrivingAlarmView.swift */; };
		43EDAF0B2C1BA3C200DD02BA /* Heart_ClockApp.swift in Sources */ = {isa = PBXBuildFile; fileRef = 43EDAF0A2C1BA3C200DD02BA /* Heart_ClockApp.swift */; };
		43EDAF0D2C1BA3C200DD02BA /* ContentView.swift in Sources */ = {isa = PBXBuildFile; fileRef = 43EDAF0C2C1BA3C200DD02BA /* ContentView.swift */; };
		43EDAF0F2C1BA3C400DD02BA /* Assets.xcassets in Resources */ = {isa = PBXBuildFile; fileRef = 43EDAF0E2C1BA3C400DD02BA /* Assets.xcassets */; };
		43EDAF122C1BA3C400DD02BA /* Preview Assets.xcassets in Resources */ = {isa = PBXBuildFile; fileRef = 43EDAF112C1BA3C400DD02BA /* Preview Assets.xcassets */; };
		43EDAF1B2C1C002200DD02BA /* AlarmData.swift in Sources */ = {isa = PBXBuildFile; fileRef = 43EDAF1A2C1C002200DD02BA /* AlarmData.swift */; };
		43FA2E772C2CD2C5005C5A1F /* HealthManager.swift in Sources */ = {isa = PBXBuildFile; fileRef = 43FA2E762C2CD2C5005C5A1F /* HealthManager.swift */; };
/* End PBXBuildFile section */

/* Begin PBXFileReference section */
		434265DA2C1E98A80036A9E9 /* HomeView.swift */ = {isa = PBXFileReference; lastKnownFileType = sourcecode.swift; path = HomeView.swift; sourceTree = "<group>"; };
		437E29E02C26A6C700C14D6A /* SleepAlarmView.swift */ = {isa = PBXFileReference; lastKnownFileType = sourcecode.swift; path = SleepAlarmView.swift; sourceTree = "<group>"; };
		437E29E22C26A73A00C14D6A /* StudyAlarmView.swift */ = {isa = PBXFileReference; lastKnownFileType = sourcecode.swift; path = StudyAlarmView.swift; sourceTree = "<group>"; };
		437E29E42C26A76F00C14D6A /* LectureAlarmView.swift */ = {isa = PBXFileReference; lastKnownFileType = sourcecode.swift; path = LectureAlarmView.swift; sourceTree = "<group>"; };
		437E29E62C26A78B00C14D6A /* DrivingAlarmView.swift */ = {isa = PBXFileReference; lastKnownFileType = sourcecode.swift; path = DrivingAlarmView.swift; sourceTree = "<group>"; };
		43EDAF072C1BA3C200DD02BA /* Heart Clock.app */ = {isa = PBXFileReference; explicitFileType = wrapper.application; includeInIndex = 0; path = "Heart Clock.app"; sourceTree = BUILT_PRODUCTS_DIR; };
		43EDAF0A2C1BA3C200DD02BA /* Heart_ClockApp.swift */ = {isa = PBXFileReference; lastKnownFileType = sourcecode.swift; path = Heart_ClockApp.swift; sourceTree = "<group>"; };
		43EDAF0C2C1BA3C200DD02BA /* ContentView.swift */ = {isa = PBXFileReference; lastKnownFileType = sourcecode.swift; path = ContentView.swift; sourceTree = "<group>"; };
		43EDAF0E2C1BA3C400DD02BA /* Assets.xcassets */ = {isa = PBXFileReference; lastKnownFileType = folder.assetcatalog; path = Assets.xcassets; sourceTree = "<group>"; };
		43EDAF112C1BA3C400DD02BA /* Preview Assets.xcassets */ = {isa = PBXFileReference; lastKnownFileType = folder.assetcatalog; path = "Preview Assets.xcassets"; sourceTree = "<group>"; };
		43EDAF1A2C1C002200DD02BA /* AlarmData.swift */ = {isa = PBXFileReference; lastKnownFileType = sourcecode.swift; path = AlarmData.swift; sourceTree = "<group>"; };
		43FA2E762C2CD2C5005C5A1F /* HealthManager.swift */ = {isa = PBXFileReference; lastKnownFileType = sourcecode.swift; path = HealthManager.swift; sourceTree = "<group>"; };
		43FA2E782C2CD8A5005C5A1F /* Heart Clock.entitlements */ = {isa = PBXFileReference; lastKnownFileType = text.plist.entitlements; path = "Heart Clock.entitlements"; sourceTree = "<group>"; };
/* End PBXFileReference section */

/* Begin PBXFrameworksBuildPhase section */
		43EDAF042C1BA3C200DD02BA /* Frameworks */ = {
			isa = PBXFrameworksBuildPhase;
			buildActionMask = 2147483647;
			files = (
			);
			runOnlyForDeploymentPostprocessing = 0;
		};
/* End PBXFrameworksBuildPhase section */

/* Begin PBXGroup section */
		43EDAEFE2C1BA3C200DD02BA = {
			isa = PBXGroup;
			children = (
				43EDAF092C1BA3C200DD02BA /* Heart Clock */,
				43EDAF082C1BA3C200DD02BA /* Products */,
			);
			sourceTree = "<group>";
		};
		43EDAF082C1BA3C200DD02BA /* Products */ = {
			isa = PBXGroup;
			children = (
				43EDAF072C1BA3C200DD02BA /* Heart Clock.app */,
			);
			name = Products;
			sourceTree = "<group>";
		};
		43EDAF092C1BA3C200DD02BA /* Heart Clock */ = {
			isa = PBXGroup;
			children = (
				43FA2E782C2CD8A5005C5A1F /* Heart Clock.entitlements */,
				43EDAF0A2C1BA3C200DD02BA /* Heart_ClockApp.swift */,
				43EDAF0C2C1BA3C200DD02BA /* ContentView.swift */,
				434265DA2C1E98A80036A9E9 /* HomeView.swift */,
				437E29E02C26A6C700C14D6A /* SleepAlarmView.swift */,
				437E29E22C26A73A00C14D6A /* StudyAlarmView.swift */,
				437E29E42C26A76F00C14D6A /* LectureAlarmView.swift */,
				437E29E62C26A78B00C14D6A /* DrivingAlarmView.swift */,
				43EDAF0E2C1BA3C400DD02BA /* Assets.xcassets */,
				43EDAF102C1BA3C400DD02BA /* Preview Content */,
				43EDAF1A2C1C002200DD02BA /* AlarmData.swift */,
				43FA2E762C2CD2C5005C5A1F /* HealthManager.swift */,
			);
			path = "Heart Clock";
			sourceTree = "<group>";
		};
		43EDAF102C1BA3C400DD02BA /* Preview Content */ = {
			isa = PBXGroup;
			children = (
				43EDAF112C1BA3C400DD02BA /* Preview Assets.xcassets */,
			);
			path = "Preview Content";
			sourceTree = "<group>";
		};
/* End PBXGroup section */

/* Begin PBXNativeTarget section */
		43EDAF062C1BA3C200DD02BA /* Heart Clock */ = {
			isa = PBXNativeTarget;
			buildConfigurationList = 43EDAF152C1BA3C400DD02BA /* Build configuration list for PBXNativeTarget "Heart Clock" */;
			buildPhases = (
				43EDAF032C1BA3C200DD02BA /* Sources */,
				43EDAF042C1BA3C200DD02BA /* Frameworks */,
				43EDAF052C1BA3C200DD02BA /* Resources */,
			);
			buildRules = (
			);
			dependencies = (
			);
			name = "Heart Clock";
			productName = "Heart Clock";
			productReference = 43EDAF072C1BA3C200DD02BA /* Heart Clock.app */;
			productType = "com.apple.product-type.application";
		};
/* End PBXNativeTarget section */

/* Begin PBXProject section */
		43EDAEFF2C1BA3C200DD02BA /* Project object */ = {
			isa = PBXProject;
			attributes = {
				BuildIndependentTargetsInParallel = 1;
				LastSwiftUpdateCheck = 1520;
				LastUpgradeCheck = 1520;
				TargetAttributes = {
					43EDAF062C1BA3C200DD02BA = {
						CreatedOnToolsVersion = 15.2;
					};
				};
			};
			buildConfigurationList = 43EDAF022C1BA3C200DD02BA /* Build configuration list for PBXProject "Heart Clock" */;
			compatibilityVersion = "Xcode 14.0";
			developmentRegion = en;
			hasScannedForEncodings = 0;
			knownRegions = (
				en,
				Base,
			);
			mainGroup = 43EDAEFE2C1BA3C200DD02BA;
			productRefGroup = 43EDAF082C1BA3C200DD02BA /* Products */;
			projectDirPath = "";
			projectRoot = "";
			targets = (
				43EDAF062C1BA3C200DD02BA /* Heart Clock */,
			);
		};
/* End PBXProject section */

/* Begin PBXResourcesBuildPhase section */
		43EDAF052C1BA3C200DD02BA /* Resources */ = {
			isa = PBXResourcesBuildPhase;
			buildActionMask = 2147483647;
			files = (
				43EDAF122C1BA3C400DD02BA /* Preview Assets.xcassets in Resources */,
				43EDAF0F2C1BA3C400DD02BA /* Assets.xcassets in Resources */,
			);
			runOnlyForDeploymentPostprocessing = 0;
		};
/* End PBXResourcesBuildPhase section */

/* Begin PBXSourcesBuildPhase section */
		43EDAF032C1BA3C200DD02BA /* Sources */ = {
			isa = PBXSourcesBuildPhase;
			buildActionMask = 2147483647;
			files = (
				437E29E12C26A6C700C14D6A /* SleepAlarmView.swift in Sources */,
				43FA2E772C2CD2C5005C5A1F /* HealthManager.swift in Sources */,
				43EDAF0D2C1BA3C200DD02BA /* ContentView.swift in Sources */,
				437E29E72C26A78B00C14D6A /* DrivingAlarmView.swift in Sources */,
				43EDAF1B2C1C002200DD02BA /* AlarmData.swift in Sources */,
				434265DB2C1E98A80036A9E9 /* HomeView.swift in Sources */,
				437E29E52C26A76F00C14D6A /* LectureAlarmView.swift in Sources */,
				437E29E32C26A73A00C14D6A /* StudyAlarmView.swift in Sources */,
				43EDAF0B2C1BA3C200DD02BA /* Heart_ClockApp.swift in Sources */,
			);
			runOnlyForDeploymentPostprocessing = 0;
		};
/* End PBXSourcesBuildPhase section */

/* Begin XCBuildConfiguration section */
		43EDAF132C1BA3C400DD02BA /* Debug */ = {
			isa = XCBuildConfiguration;
			buildSettings = {
				ALWAYS_SEARCH_USER_PATHS = NO;
				ASSETCATALOG_COMPILER_GENERATE_SWIFT_ASSET_SYMBOL_EXTENSIONS = YES;
				CLANG_ANALYZER_NONNULL = YES;
				CLANG_ANALYZER_NUMBER_OBJECT_CONVERSION = YES_AGGRESSIVE;
				CLANG_CXX_LANGUAGE_STANDARD = "gnu++20";
				CLANG_ENABLE_MODULES = YES;
				CLANG_ENABLE_OBJC_ARC = YES;
				CLANG_ENABLE_OBJC_WEAK = YES;
				CLANG_WARN_BLOCK_CAPTURE_AUTORELEASING = YES;
				CLANG_WARN_BOOL_CONVERSION = YES;
				CLANG_WARN_COMMA = YES;
				CLANG_WARN_CONSTANT_CONVERSION = YES;
				CLANG_WARN_DEPRECATED_OBJC_IMPLEMENTATIONS = YES;
				CLANG_WARN_DIRECT_OBJC_ISA_USAGE = YES_ERROR;
				CLANG_WARN_DOCUMENTATION_COMMENTS = YES;
				CLANG_WARN_EMPTY_BODY = YES;
				CLANG_WARN_ENUM_CONVERSION = YES;
				CLANG_WARN_INFINITE_RECURSION = YES;
				CLANG_WARN_INT_CONVERSION = YES;
				CLANG_WARN_NON_LITERAL_NULL_CONVERSION = YES;
				CLANG_WARN_OBJC_IMPLICIT_RETAIN_SELF = YES;
				CLANG_WARN_OBJC_LITERAL_CONVERSION = YES;
				CLANG_WARN_OBJC_ROOT_CLASS = YES_ERROR;
				CLANG_WARN_QUOTED_INCLUDE_IN_FRAMEWORK_HEADER = YES;
				CLANG_WARN_RANGE_LOOP_ANALYSIS = YES;
				CLANG_WARN_STRICT_PROTOTYPES = YES;
				CLANG_WARN_SUSPICIOUS_MOVE = YES;
				CLANG_WARN_UNGUARDED_AVAILABILITY = YES_AGGRESSIVE;
				CLANG_WARN_UNREACHABLE_CODE = YES;
				CLANG_WARN__DUPLICATE_METHOD_MATCH = YES;
				COPY_PHASE_STRIP = NO;
				DEBUG_INFORMATION_FORMAT = dwarf;
				ENABLE_STRICT_OBJC_MSGSEND = YES;
				ENABLE_TESTABILITY = YES;
				ENABLE_USER_SCRIPT_SANDBOXING = YES;
				GCC_C_LANGUAGE_STANDARD = gnu17;
				GCC_DYNAMIC_NO_PIC = NO;
				GCC_NO_COMMON_BLOCKS = YES;
				GCC_OPTIMIZATION_LEVEL = 0;
				GCC_PREPROCESSOR_DEFINITIONS = (
					"DEBUG=1",
					"$(inherited)",
				);
				GCC_WARN_64_TO_32_BIT_CONVERSION = YES;
				GCC_WARN_ABOUT_RETURN_TYPE = YES_ERROR;
				GCC_WARN_UNDECLARED_SELECTOR = YES;
				GCC_WARN_UNINITIALIZED_AUTOS = YES_AGGRESSIVE;
				GCC_WARN_UNUSED_FUNCTION = YES;
				GCC_WARN_UNUSED_VARIABLE = YES;
				IPHONEOS_DEPLOYMENT_TARGET = 17.2;
				LOCALIZATION_PREFERS_STRING_CATALOGS = YES;
				MTL_ENABLE_DEBUG_INFO = INCLUDE_SOURCE;
				MTL_FAST_MATH = YES;
				ONLY_ACTIVE_ARCH = YES;
				SDKROOT = iphoneos;
				SWIFT_ACTIVE_COMPILATION_CONDITIONS = "DEBUG $(inherited)";
				SWIFT_OPTIMIZATION_LEVEL = "-Onone";
			};
			name = Debug;
		};
		43EDAF142C1BA3C400DD02BA /* Release */ = {
			isa = XCBuildConfiguration;
			buildSettings = {
				ALWAYS_SEARCH_USER_PATHS = NO;
				ASSETCATALOG_COMPILER_GENERATE_SWIFT_ASSET_SYMBOL_EXTENSIONS = YES;
				CLANG_ANALYZER_NONNULL = YES;
				CLANG_ANALYZER_NUMBER_OBJECT_CONVERSION = YES_AGGRESSIVE;
				CLANG_CXX_LANGUAGE_STANDARD = "gnu++20";
				CLANG_ENABLE_MODULES = YES;
				CLANG_ENABLE_OBJC_ARC = YES;
				CLANG_ENABLE_OBJC_WEAK = YES;
				CLANG_WARN_BLOCK_CAPTURE_AUTORELEASING = YES;
				CLANG_WARN_BOOL_CONVERSION = YES;
				CLANG_WARN_COMMA = YES;
				CLANG_WARN_CONSTANT_CONVERSION = YES;
				CLANG_WARN_DEPRECATED_OBJC_IMPLEMENTATIONS = YES;
				CLANG_WARN_DIRECT_OBJC_ISA_USAGE = YES_ERROR;
				CLANG_WARN_DOCUMENTATION_COMMENTS = YES;
				CLANG_WARN_EMPTY_BODY = YES;
				CLANG_WARN_ENUM_CONVERSION = YES;
				CLANG_WARN_INFINITE_RECURSION = YES;
				CLANG_WARN_INT_CONVERSION = YES;
				CLANG_WARN_NON_LITERAL_NULL_CONVERSION = YES;
				CLANG_WARN_OBJC_IMPLICIT_RETAIN_SELF = YES;
				CLANG_WARN_OBJC_LITERAL_CONVERSION = YES;
				CLANG_WARN_OBJC_ROOT_CLASS = YES_ERROR;
				CLANG_WARN_QUOTED_INCLUDE_IN_FRAMEWORK_HEADER = YES;
				CLANG_WARN_RANGE_LOOP_ANALYSIS = YES;
				CLANG_WARN_STRICT_PROTOTYPES = YES;
				CLANG_WARN_SUSPICIOUS_MOVE = YES;
				CLANG_WARN_UNGUARDED_AVAILABILITY = YES_AGGRESSIVE;
				CLANG_WARN_UNREACHABLE_CODE = YES;
				CLANG_WARN__DUPLICATE_METHOD_MATCH = YES;
				COPY_PHASE_STRIP = NO;
				DEBUG_INFORMATION_FORMAT = "dwarf-with-dsym";
				ENABLE_NS_ASSERTIONS = NO;
				ENABLE_STRICT_OBJC_MSGSEND = YES;
				ENABLE_USER_SCRIPT_SANDBOXING = YES;
				GCC_C_LANGUAGE_STANDARD = gnu17;
				GCC_NO_COMMON_BLOCKS = YES;
				GCC_WARN_64_TO_32_BIT_CONVERSION = YES;
				GCC_WARN_ABOUT_RETURN_TYPE = YES_ERROR;
				GCC_WARN_UNDECLARED_SELECTOR = YES;
				GCC_WARN_UNINITIALIZED_AUTOS = YES_AGGRESSIVE;
				GCC_WARN_UNUSED_FUNCTION = YES;
				GCC_WARN_UNUSED_VARIABLE = YES;
				IPHONEOS_DEPLOYMENT_TARGET = 17.2;
				LOCALIZATION_PREFERS_STRING_CATALOGS = YES;
				MTL_ENABLE_DEBUG_INFO = NO;
				MTL_FAST_MATH = YES;
				SDKROOT = iphoneos;
				SWIFT_COMPILATION_MODE = wholemodule;
				VALIDATE_PRODUCT = YES;
			};
			name = Release;
		};
		43EDAF162C1BA3C400DD02BA /* Debug */ = {
			isa = XCBuildConfiguration;
			buildSettings = {
				ASSETCATALOG_COMPILER_APPICON_NAME = AppIcon;
				ASSETCATALOG_COMPILER_GLOBAL_ACCENT_COLOR_NAME = AccentColor;
				CODE_SIGN_ENTITLEMENTS = "Heart Clock/Heart Clock.entitlements";
				CODE_SIGN_STYLE = Automatic;
				CURRENT_PROJECT_VERSION = 1;
				DEVELOPMENT_ASSET_PATHS = "\"Heart Clock/Preview Content\"";
				DEVELOPMENT_TEAM = A9G68DGVH3;
				ENABLE_PREVIEWS = YES;
				GENERATE_INFOPLIST_FILE = YES;
				INFOPLIST_KEY_NSHealthShareUsageDescription = "We request access to enable heart rate monitoring features only in our application";
				INFOPLIST_KEY_UIApplicationSceneManifest_Generation = YES;
				INFOPLIST_KEY_UIApplicationSupportsIndirectInputEvents = YES;
				INFOPLIST_KEY_UILaunchScreen_Generation = YES;
				INFOPLIST_KEY_UISupportedInterfaceOrientations_iPad = "UIInterfaceOrientationPortrait UIInterfaceOrientationPortraitUpsideDown UIInterfaceOrientationLandscapeLeft UIInterfaceOrientationLandscapeRight";
				INFOPLIST_KEY_UISupportedInterfaceOrientations_iPhone = "UIInterfaceOrientationPortrait UIInterfaceOrientationLandscapeLeft UIInterfaceOrientationLandscapeRight";
				LD_RUNPATH_SEARCH_PATHS = (
					"$(inherited)",
					"@executable_path/Frameworks",
				);
				MARKETING_VERSION = 1.0;
				PRODUCT_BUNDLE_IDENTIFIER = "com.alexapps.Heart-Clock";
				PRODUCT_NAME = "$(TARGET_NAME)";
				SWIFT_EMIT_LOC_STRINGS = YES;
				SWIFT_VERSION = 5.0;
				TARGETED_DEVICE_FAMILY = "1,2";
			};
			name = Debug;
		};
		43EDAF172C1BA3C400DD02BA /* Release */ = {
			isa = XCBuildConfiguration;
			buildSettings = {
				ASSETCATALOG_COMPILER_APPICON_NAME = AppIcon;
				ASSETCATALOG_COMPILER_GLOBAL_ACCENT_COLOR_NAME = AccentColor;
				CODE_SIGN_ENTITLEMENTS = "Heart Clock/Heart Clock.entitlements";
				CODE_SIGN_STYLE = Automatic;
				CURRENT_PROJECT_VERSION = 1;
				DEVELOPMENT_ASSET_PATHS = "\"Heart Clock/Preview Content\"";
				DEVELOPMENT_TEAM = A9G68DGVH3;
				ENABLE_PREVIEWS = YES;
				GENERATE_INFOPLIST_FILE = YES;
				INFOPLIST_KEY_NSHealthShareUsageDescription = "We request access to enable heart rate monitoring features only in our application";
				INFOPLIST_KEY_UIApplicationSceneManifest_Generation = YES;
				INFOPLIST_KEY_UIApplicationSupportsIndirectInputEvents = YES;
				INFOPLIST_KEY_UILaunchScreen_Generation = YES;
				INFOPLIST_KEY_UISupportedInterfaceOrientations_iPad = "UIInterfaceOrientationPortrait UIInterfaceOrientationPortraitUpsideDown UIInterfaceOrientationLandscapeLeft UIInterfaceOrientationLandscapeRight";
				INFOPLIST_KEY_UISupportedInterfaceOrientations_iPhone = "UIInterfaceOrientationPortrait UIInterfaceOrientationLandscapeLeft UIInterfaceOrientationLandscapeRight";
				LD_RUNPATH_SEARCH_PATHS = (
					"$(inherited)",
					"@executable_path/Frameworks",
				);
				MARKETING_VERSION = 1.0;
				PRODUCT_BUNDLE_IDENTIFIER = "com.alexapps.Heart-Clock";
				PRODUCT_NAME = "$(TARGET_NAME)";
				SWIFT_EMIT_LOC_STRINGS = YES;
				SWIFT_VERSION = 5.0;
				TARGETED_DEVICE_FAMILY = "1,2";
			};
			name = Release;
		};
/* End XCBuildConfiguration section */

/* Begin XCConfigurationList section */
		43EDAF022C1BA3C200DD02BA /* Build configuration list for PBXProject "Heart Clock" */ = {
			isa = XCConfigurationList;
			buildConfigurations = (
				43EDAF132C1BA3C400DD02BA /* Debug */,
				43EDAF142C1BA3C400DD02BA /* Release */,
			);
			defaultConfigurationIsVisible = 0;
			defaultConfigurationName = Release;
		};
		43EDAF152C1BA3C400DD02BA /* Build configuration list for PBXNativeTarget "Heart Clock" */ = {
			isa = XCConfigurationList;
			buildConfigurations = (
				43EDAF162C1BA3C400DD02BA /* Debug */,
				43EDAF172C1BA3C400DD02BA /* Release */,
			);
			defaultConfigurationIsVisible = 0;
			defaultConfigurationName = Release;
		};
/* End XCConfigurationList section */
	};
	rootObject = 43EDAEFF2C1BA3C200DD02BA /* Project object */;
}
